
Microsoft Visual Studio Solution File, Format Version 12.00
# Visual Studio Version 17
VisualStudioVersion = 17.6.33815.320
MinimumVisualStudioVersion = 10.0.40219.1
Project("{FAE04EC0-301F-11D3-BF4B-00C04F79EFBC}") = "WebApi", "WebApi\WebApi.csproj", "{73DB6BBA-AEB2-421F-A005-C87A7DC889D4}"
EndProject
Project("{E53339B2-1760-4266-BCC7-CA923CBCF16C}") = "docker-compose", "docker-compose.dcproj", "{6CF41505-0BDB-4D66-A280-01824486830D}"
EndProject
Project("{FAE04EC0-301F-11D3-BF4B-00C04F79EFBC}") = "Consumer", "Consumer\Consumer.csproj", "{333D9304-0191-42B9-A89A-2B39E286FF9E}"
EndProject
Global
	GlobalSection(SolutionConfigurationPlatforms) = preSolution
		Debug|Any CPU = Debug|Any CPU
		Release|Any CPU = Release|Any CPU
	EndGlobalSection
	GlobalSection(ProjectConfigurationPlatforms) = postSolution
		{73DB6BBA-AEB2-421F-A005-C87A7DC889D4}.Debug|Any CPU.ActiveCfg = Debug|Any CPU
		{73DB6BBA-AEB2-421F-A005-C87A7DC889D4}.Debug|Any CPU.Build.0 = Debug|Any CPU
		{73DB6BBA-AEB2-421F-A005-C87A7DC889D4}.Release|Any CPU.ActiveCfg = Release|Any CPU
		{73DB6BBA-AEB2-421F-A005-C87A7DC889D4}.Release|Any CPU.Build.0 = Release|Any CPU
		{6CF41505-0BDB-4D66-A280-01824486830D}.Debug|Any CPU.ActiveCfg = Debug|Any CPU
		{6CF41505-0BDB-4D66-A280-01824486830D}.Debug|Any CPU.Build.0 = Debug|Any CPU
		{6CF41505-0BDB-4D66-A280-01824486830D}.Release|Any CPU.ActiveCfg = Release|Any CPU
		{6CF41505-0BDB-4D66-A280-01824486830D}.Release|Any CPU.Build.0 = Release|Any CPU
		{333D9304-0191-42B9-A89A-2B39E286FF9E}.Debug|Any CPU.ActiveCfg = Debug|Any CPU
		{333D9304-0191-42B9-A89A-2B39E286FF9E}.Debug|Any CPU.Build.0 = Debug|Any CPU
		{333D9304-0191-42B9-A89A-2B39E286FF9E}.Release|Any CPU.ActiveCfg = Release|Any CPU
		{333D9304-0191-42B9-A89A-2B39E286FF9E}.Release|Any CPU.Build.0 = Release|Any CPU
	EndGlobalSection
	GlobalSection(SolutionProperties) = preSolution
		HideSolutionNode = FALSE
	EndGlobalSection
	GlobalSection(ExtensibilityGlobals) = postSolution
		SolutionGuid = {054D9FD5-32B0-4F32-9C9C-B6B49C0A5421}
	EndGlobalSection
EndGlobal
