
Microsoft Visual Studio Solution File, Format Version 12.00
# Visual Studio Version 17
VisualStudioVersion = 17.6.33815.320
MinimumVisualStudioVersion = 10.0.40219.1
Project("{FAE04EC0-301F-11D3-BF4B-00C04F79EFBC}") = "WebApi", "WebApi\WebApi.csproj", "{73DB6BBA-AEB2-421F-A005-C87A7DC889D4}"
EndProject
Global
	GlobalSection(SolutionConfigurationPlatforms) = preSolution
		Debug|Any CPU = Debug|Any CPU
		Release|Any CPU = Release|Any CPU
	EndGlobalSection
	GlobalSection(ProjectConfigurationPlatforms) = postSolution
		{73DB6BBA-AEB2-421F-A005-C87A7DC889D4}.Debug|Any CPU.ActiveCfg = Debug|Any CPU
		{73DB6BBA-AEB2-421F-A005-C87A7DC889D4}.Debug|Any CPU.Build.0 = Debug|Any CPU
		{73DB6BBA-AEB2-421F-A005-C87A7DC889D4}.Release|Any CPU.ActiveCfg = Release|Any CPU
		{73DB6BBA-AEB2-421F-A005-C87A7DC889D4}.Release|Any CPU.Build.0 = Release|Any CPU
	EndGlobalSection
	GlobalSection(SolutionProperties) = preSolution
		HideSolutionNode = FALSE
	EndGlobalSection
	GlobalSection(ExtensibilityGlobals) = postSolution
		SolutionGuid = {054D9FD5-32B0-4F32-9C9C-B6B49C0A5421}
	EndGlobalSection
EndGlobal
