
Microsoft Visual Studio Solution File, Format Version 12.00
# Visual Studio Version 17
VisualStudioVersion = 17.6.33815.320
MinimumVisualStudioVersion = 10.0.40219.1
Project("{9A19103F-16F7-4668-BE54-9A1E7A4F7556}") = "WebApi", "src\WebApi\WebApi.csproj", "{73DB6BBA-AEB2-421F-A005-C87A7DC889D4}"
EndProject
Project("{E53339B2-1760-4266-BCC7-CA923CBCF16C}") = "docker-compose", "src\docker-compose.dcproj", "{6CF41505-0BDB-4D66-A280-01824486830D}"
EndProject
Project("{9A19103F-16F7-4668-BE54-9A1E7A4F7556}") = "Consumer", "src\Consumer\Consumer.csproj", "{333D9304-0191-42B9-A89A-2B39E286FF9E}"
EndProject
Project("{9A19103F-16F7-4668-BE54-9A1E7A4F7556}") = "Producer", "src\Producer\Producer.csproj", "{770DAE78-DDD8-4F5B-9FCE-881956218EE0}"
EndProject
Project("{2150E333-8FDC-42A3-9474-1A3956D46DE8}") = "Solution Items", "Solution Items", "{EC0B4313-E4E3-42E5-AD87-88C26A1FF41D}"
	ProjectSection(SolutionItems) = preProject
		.env = .env
		src\.envexample = src\.envexample
		src\.gitignore = src\.gitignore
		src\Consumer.Dockerfile = src\Consumer.Dockerfile
		src\Producer.Dockerfile = src\Producer.Dockerfile
		README.md = README.md
		src\WebApi.Dockerfile = src\WebApi.Dockerfile
	EndProjectSection
EndProject
Project("{2150E333-8FDC-42A3-9474-1A3956D46DE8}") = "src", "src", "{2E669CA3-2B48-4B25-8620-E2C805C3DE47}"
EndProject
Project("{2150E333-8FDC-42A3-9474-1A3956D46DE8}") = "tests", "tests", "{32E9F228-77A4-4E77-AA55-187DAB77A85A}"
EndProject
Project("{9A19103F-16F7-4668-BE54-9A1E7A4F7556}") = "Tests", "tests\Tests\Tests.csproj", "{CCFD56D6-CA1E-4453-AC40-639343AED767}"
EndProject
Global
	GlobalSection(SolutionConfigurationPlatforms) = preSolution
		Debug|Any CPU = Debug|Any CPU
		Release|Any CPU = Release|Any CPU
	EndGlobalSection
	GlobalSection(ProjectConfigurationPlatforms) = postSolution
		{73DB6BBA-AEB2-421F-A005-C87A7DC889D4}.Debug|Any CPU.ActiveCfg = Debug|Any CPU
		{73DB6BBA-AEB2-421F-A005-C87A7DC889D4}.Debug|Any CPU.Build.0 = Debug|Any CPU
		{73DB6BBA-AEB2-421F-A005-C87A7DC889D4}.Release|Any CPU.ActiveCfg = Release|Any CPU
		{73DB6BBA-AEB2-421F-A005-C87A7DC889D4}.Release|Any CPU.Build.0 = Release|Any CPU
		{6CF41505-0BDB-4D66-A280-01824486830D}.Debug|Any CPU.ActiveCfg = Debug|Any CPU
		{6CF41505-0BDB-4D66-A280-01824486830D}.Debug|Any CPU.Build.0 = Debug|Any CPU
		{6CF41505-0BDB-4D66-A280-01824486830D}.Release|Any CPU.ActiveCfg = Release|Any CPU
		{6CF41505-0BDB-4D66-A280-01824486830D}.Release|Any CPU.Build.0 = Release|Any CPU
		{333D9304-0191-42B9-A89A-2B39E286FF9E}.Debug|Any CPU.ActiveCfg = Debug|Any CPU
		{333D9304-0191-42B9-A89A-2B39E286FF9E}.Debug|Any CPU.Build.0 = Debug|Any CPU
		{333D9304-0191-42B9-A89A-2B39E286FF9E}.Release|Any CPU.ActiveCfg = Release|Any CPU
		{333D9304-0191-42B9-A89A-2B39E286FF9E}.Release|Any CPU.Build.0 = Release|Any CPU
		{770DAE78-DDD8-4F5B-9FCE-881956218EE0}.Debug|Any CPU.ActiveCfg = Debug|Any CPU
		{770DAE78-DDD8-4F5B-9FCE-881956218EE0}.Debug|Any CPU.Build.0 = Debug|Any CPU
		{770DAE78-DDD8-4F5B-9FCE-881956218EE0}.Release|Any CPU.ActiveCfg = Release|Any CPU
		{770DAE78-DDD8-4F5B-9FCE-881956218EE0}.Release|Any CPU.Build.0 = Release|Any CPU
		{CCFD56D6-CA1E-4453-AC40-639343AED767}.Debug|Any CPU.ActiveCfg = Debug|Any CPU
		{CCFD56D6-CA1E-4453-AC40-639343AED767}.Debug|Any CPU.Build.0 = Debug|Any CPU
		{CCFD56D6-CA1E-4453-AC40-639343AED767}.Release|Any CPU.ActiveCfg = Release|Any CPU
		{CCFD56D6-CA1E-4453-AC40-639343AED767}.Release|Any CPU.Build.0 = Release|Any CPU
	EndGlobalSection
	GlobalSection(SolutionProperties) = preSolution
		HideSolutionNode = FALSE
	EndGlobalSection
	GlobalSection(NestedProjects) = preSolution
		{73DB6BBA-AEB2-421F-A005-C87A7DC889D4} = {2E669CA3-2B48-4B25-8620-E2C805C3DE47}
		{6CF41505-0BDB-4D66-A280-01824486830D} = {2E669CA3-2B48-4B25-8620-E2C805C3DE47}
		{333D9304-0191-42B9-A89A-2B39E286FF9E} = {2E669CA3-2B48-4B25-8620-E2C805C3DE47}
		{770DAE78-DDD8-4F5B-9FCE-881956218EE0} = {2E669CA3-2B48-4B25-8620-E2C805C3DE47}
		{CCFD56D6-CA1E-4453-AC40-639343AED767} = {32E9F228-77A4-4E77-AA55-187DAB77A85A}
	EndGlobalSection
	GlobalSection(ExtensibilityGlobals) = postSolution
		SolutionGuid = {054D9FD5-32B0-4F32-9C9C-B6B49C0A5421}
	EndGlobalSection
EndGlobal
